
Microsoft Visual Studio Solution File, Format Version 12.00
# Visual Studio Version 16
VisualStudioVersion = 16.0.31019.35
MinimumVisualStudioVersion = 10.0.40219.1
Project("{FAE04EC0-301F-11D3-BF4B-00C04F79EFBC}") = "Roasting Steganography", "Roasting Steganography.csproj", "{9AA944C0-6327-4FE4-BAA1-7ACD280D2A69}"
EndProject
Global
	GlobalSection(SolutionConfigurationPlatforms) = preSolution
		Debug|Any CPU = Debug|Any CPU
		Release|Any CPU = Release|Any CPU
	EndGlobalSection
	GlobalSection(ProjectConfigurationPlatforms) = postSolution
		{9AA944C0-6327-4FE4-BAA1-7ACD280D2A69}.Debug|Any CPU.ActiveCfg = Debug|Any CPU
		{9AA944C0-6327-4FE4-BAA1-7ACD280D2A69}.Debug|Any CPU.Build.0 = Debug|Any CPU
		{9AA944C0-6327-4FE4-BAA1-7ACD280D2A69}.Release|Any CPU.ActiveCfg = Release|Any CPU
		{9AA944C0-6327-4FE4-BAA1-7ACD280D2A69}.Release|Any CPU.Build.0 = Release|Any CPU
	EndGlobalSection
	GlobalSection(SolutionProperties) = preSolution
		HideSolutionNode = FALSE
	EndGlobalSection
	GlobalSection(ExtensibilityGlobals) = postSolution
		SolutionGuid = {02B1C888-1CFB-431A-A16C-A73A55E85C53}
	EndGlobalSection
EndGlobal
